// !$*UTF8*$!
{
	archiveVersion = 1;
	classes = {
	};
	objectVersion = 46;
	objects = {

/* Begin PBXBuildFile section */
		CD1AEA7C174EF0C500F3AC0F /* UIKit.framework in Frameworks */ = {isa = PBXBuildFile; fileRef = CD1AEA7B174EF0C500F3AC0F /* UIKit.framework */; };
		CD1AEA7E174EF0C500F3AC0F /* Foundation.framework in Frameworks */ = {isa = PBXBuildFile; fileRef = CD1AEA7D174EF0C500F3AC0F /* Foundation.framework */; };
		CD1AEA80174EF0C500F3AC0F /* CoreGraphics.framework in Frameworks */ = {isa = PBXBuildFile; fileRef = CD1AEA7F174EF0C500F3AC0F /* CoreGraphics.framework */; };
		CD1AEA86174EF0C500F3AC0F /* InfoPlist.strings in Resources */ = {isa = PBXBuildFile; fileRef = CD1AEA84174EF0C500F3AC0F /* InfoPlist.strings */; };
		CD1AEA88174EF0C500F3AC0F /* main.m in Sources */ = {isa = PBXBuildFile; fileRef = CD1AEA87174EF0C500F3AC0F /* main.m */; };
		CD1AEA8C174EF0C500F3AC0F /* AppDelegate.m in Sources */ = {isa = PBXBuildFile; fileRef = CD1AEA8B174EF0C500F3AC0F /* AppDelegate.m */; };
		CD1AEA8E174EF0C500F3AC0F /* Default.png in Resources */ = {isa = PBXBuildFile; fileRef = CD1AEA8D174EF0C500F3AC0F /* Default.png */; };
		CD1AEA90174EF0C500F3AC0F /* Default@2x.png in Resources */ = {isa = PBXBuildFile; fileRef = CD1AEA8F174EF0C500F3AC0F /* Default@2x.png */; };
		CD1AEA92174EF0C500F3AC0F /* Default-568h@2x.png in Resources */ = {isa = PBXBuildFile; fileRef = CD1AEA91174EF0C500F3AC0F /* Default-568h@2x.png */; };
		CD1AEA95174EF0C500F3AC0F /* MainStoryboard.storyboard in Resources */ = {isa = PBXBuildFile; fileRef = CD1AEA93174EF0C500F3AC0F /* MainStoryboard.storyboard */; };
		CD1AEA98174EF0C500F3AC0F /* FirstViewController.m in Sources */ = {isa = PBXBuildFile; fileRef = CD1AEA97174EF0C500F3AC0F /* FirstViewController.m */; };
		CD1AEAA0174EF24600F3AC0F /* SecondViewController.m in Sources */ = {isa = PBXBuildFile; fileRef = CD1AEA9F174EF24600F3AC0F /* SecondViewController.m */; };
		CD1AEAA5174EF44400F3AC0F /* first.png in Resources */ = {isa = PBXBuildFile; fileRef = CD1AEAA1174EF44400F3AC0F /* first.png */; };
		CD1AEAA6174EF44400F3AC0F /* first@2x.png in Resources */ = {isa = PBXBuildFile; fileRef = CD1AEAA2174EF44400F3AC0F /* first@2x.png */; };
		CD1AEAA7174EF44400F3AC0F /* second.png in Resources */ = {isa = PBXBuildFile; fileRef = CD1AEAA3174EF44400F3AC0F /* second.png */; };
		CD1AEAA8174EF44400F3AC0F /* second@2x.png in Resources */ = {isa = PBXBuildFile; fileRef = CD1AEAA4174EF44400F3AC0F /* second@2x.png */; };
		CD1AEAAB174EF51600F3AC0F /* ThirdViewController.m in Sources */ = {isa = PBXBuildFile; fileRef = CD1AEAAA174EF51600F3AC0F /* ThirdViewController.m */; };
		CD1AEAAE174EF85800F3AC0F /* FourthViewController.m in Sources */ = {isa = PBXBuildFile; fileRef = CD1AEAAD174EF85800F3AC0F /* FourthViewController.m */; };
/* End PBXBuildFile section */

/* Begin PBXFileReference section */
		CD1AEA78174EF0C500F3AC0F /* MultiViewStoryTabBar.app */ = {isa = PBXFileReference; explicitFileType = wrapper.application; includeInIndex = 0; path = MultiViewStoryTabBar.app; sourceTree = BUILT_PRODUCTS_DIR; };
		CD1AEA7B174EF0C500F3AC0F /* UIKit.framework */ = {isa = PBXFileReference; lastKnownFileType = wrapper.framework; name = UIKit.framework; path = System/Library/Frameworks/UIKit.framework; sourceTree = SDKROOT; };
		CD1AEA7D174EF0C500F3AC0F /* Foundation.framework */ = {isa = PBXFileReference; lastKnownFileType = wrapper.framework; name = Foundation.framework; path = System/Library/Frameworks/Foundation.framework; sourceTree = SDKROOT; };
		CD1AEA7F174EF0C500F3AC0F /* CoreGraphics.framework */ = {isa = PBXFileReference; lastKnownFileType = wrapper.framework; name = CoreGraphics.framework; path = System/Library/Frameworks/CoreGraphics.framework; sourceTree = SDKROOT; };
		CD1AEA83174EF0C500F3AC0F /* MultiViewStoryTabBar-Info.plist */ = {isa = PBXFileReference; lastKnownFileType = text.plist.xml; path = "MultiViewStoryTabBar-Info.plist"; sourceTree = "<group>"; };
		CD1AEA85174EF0C500F3AC0F /* en */ = {isa = PBXFileReference; lastKnownFileType = text.plist.strings; name = en; path = en.lproj/InfoPlist.strings; sourceTree = "<group>"; };
		CD1AEA87174EF0C500F3AC0F /* main.m */ = {isa = PBXFileReference; lastKnownFileType = sourcecode.c.objc; path = main.m; sourceTree = "<group>"; };
		CD1AEA89174EF0C500F3AC0F /* MultiViewStoryTabBar-Prefix.pch */ = {isa = PBXFileReference; lastKnownFileType = sourcecode.c.h; path = "MultiViewStoryTabBar-Prefix.pch"; sourceTree = "<group>"; };
		CD1AEA8A174EF0C500F3AC0F /* AppDelegate.h */ = {isa = PBXFileReference; lastKnownFileType = sourcecode.c.h; path = AppDelegate.h; sourceTree = "<group>"; };
		CD1AEA8B174EF0C500F3AC0F /* AppDelegate.m */ = {isa = PBXFileReference; lastKnownFileType = sourcecode.c.objc; path = AppDelegate.m; sourceTree = "<group>"; };
		CD1AEA8D174EF0C500F3AC0F /* Default.png */ = {isa = PBXFileReference; lastKnownFileType = image.png; path = Default.png; sourceTree = "<group>"; };
		CD1AEA8F174EF0C500F3AC0F /* Default@2x.png */ = {isa = PBXFileReference; lastKnownFileType = image.png; path = "Default@2x.png"; sourceTree = "<group>"; };
		CD1AEA91174EF0C500F3AC0F /* Default-568h@2x.png */ = {isa = PBXFileReference; lastKnownFileType = image.png; path = "Default-568h@2x.png"; sourceTree = "<group>"; };
		CD1AEA94174EF0C500F3AC0F /* en */ = {isa = PBXFileReference; lastKnownFileType = file.storyboard; name = en; path = en.lproj/MainStoryboard.storyboard; sourceTree = "<group>"; };
		CD1AEA96174EF0C500F3AC0F /* FirstViewController.h */ = {isa = PBXFileReference; lastKnownFileType = sourcecode.c.h; path = FirstViewController.h; sourceTree = "<group>"; };
		CD1AEA97174EF0C500F3AC0F /* FirstViewController.m */ = {isa = PBXFileReference; lastKnownFileType = sourcecode.c.objc; path = FirstViewController.m; sourceTree = "<group>"; };
		CD1AEA9E174EF24600F3AC0F /* SecondViewController.h */ = {isa = PBXFileReference; fileEncoding = 4; lastKnownFileType = sourcecode.c.h; path = SecondViewController.h; sourceTree = "<group>"; };
		CD1AEA9F174EF24600F3AC0F /* SecondViewController.m */ = {isa = PBXFileReference; fileEncoding = 4; lastKnownFileType = sourcecode.c.objc; path = SecondViewController.m; sourceTree = "<group>"; };
		CD1AEAA1174EF44400F3AC0F /* first.png */ = {isa = PBXFileReference; lastKnownFileType = image.png; path = first.png; sourceTree = "<group>"; };
		CD1AEAA2174EF44400F3AC0F /* first@2x.png */ = {isa = PBXFileReference; lastKnownFileType = image.png; path = "first@2x.png"; sourceTree = "<group>"; };
		CD1AEAA3174EF44400F3AC0F /* second.png */ = {isa = PBXFileReference; lastKnownFileType = image.png; path = second.png; sourceTree = "<group>"; };
		CD1AEAA4174EF44400F3AC0F /* second@2x.png */ = {isa = PBXFileReference; lastKnownFileType = image.png; path = "second@2x.png"; sourceTree = "<group>"; };
		CD1AEAA9174EF51600F3AC0F /* ThirdViewController.h */ = {isa = PBXFileReference; fileEncoding = 4; lastKnownFileType = sourcecode.c.h; path = ThirdViewController.h; sourceTree = "<group>"; };
		CD1AEAAA174EF51600F3AC0F /* ThirdViewController.m */ = {isa = PBXFileReference; fileEncoding = 4; lastKnownFileType = sourcecode.c.objc; path = ThirdViewController.m; sourceTree = "<group>"; };
		CD1AEAAC174EF85800F3AC0F /* FourthViewController.h */ = {isa = PBXFileReference; fileEncoding = 4; lastKnownFileType = sourcecode.c.h; path = FourthViewController.h; sourceTree = "<group>"; };
		CD1AEAAD174EF85800F3AC0F /* FourthViewController.m */ = {isa = PBXFileReference; fileEncoding = 4; lastKnownFileType = sourcecode.c.objc; path = FourthViewController.m; sourceTree = "<group>"; };
/* End PBXFileReference section */

/* Begin PBXFrameworksBuildPhase section */
		CD1AEA75174EF0C500F3AC0F /* Frameworks */ = {
			isa = PBXFrameworksBuildPhase;
			buildActionMask = 2147483647;
			files = (
				CD1AEA7C174EF0C500F3AC0F /* UIKit.framework in Frameworks */,
				CD1AEA7E174EF0C500F3AC0F /* Foundation.framework in Frameworks */,
				CD1AEA80174EF0C500F3AC0F /* CoreGraphics.framework in Frameworks */,
			);
			runOnlyForDeploymentPostprocessing = 0;
		};
/* End PBXFrameworksBuildPhase section */

/* Begin PBXGroup section */
		CD1AEA6F174EF0C500F3AC0F = {
			isa = PBXGroup;
			children = (
				CD1AEA81174EF0C500F3AC0F /* MultiViewStoryTabBar */,
				CD1AEA7A174EF0C500F3AC0F /* Frameworks */,
				CD1AEA79174EF0C500F3AC0F /* Products */,
			);
			sourceTree = "<group>";
		};
		CD1AEA79174EF0C500F3AC0F /* Products */ = {
			isa = PBXGroup;
			children = (
				CD1AEA78174EF0C500F3AC0F /* MultiViewStoryTabBar.app */,
			);
			name = Products;
			sourceTree = "<group>";
		};
		CD1AEA7A174EF0C500F3AC0F /* Frameworks */ = {
			isa = PBXGroup;
			children = (
				CD1AEA7B174EF0C500F3AC0F /* UIKit.framework */,
				CD1AEA7D174EF0C500F3AC0F /* Foundation.framework */,
				CD1AEA7F174EF0C500F3AC0F /* CoreGraphics.framework */,
			);
			name = Frameworks;
			sourceTree = "<group>";
		};
		CD1AEA81174EF0C500F3AC0F /* MultiViewStoryTabBar */ = {
			isa = PBXGroup;
			children = (
				CD1AEAA1174EF44400F3AC0F /* first.png */,
				CD1AEAA2174EF44400F3AC0F /* first@2x.png */,
				CD1AEAA3174EF44400F3AC0F /* second.png */,
				CD1AEAA4174EF44400F3AC0F /* second@2x.png */,
				CD1AEA8A174EF0C500F3AC0F /* AppDelegate.h */,
				CD1AEA8B174EF0C500F3AC0F /* AppDelegate.m */,
				CD1AEA93174EF0C500F3AC0F /* MainStoryboard.storyboard */,
				CD1AEAAC174EF85800F3AC0F /* FourthViewController.h */,
				CD1AEAAD174EF85800F3AC0F /* FourthViewController.m */,
				CD1AEAA9174EF51600F3AC0F /* ThirdViewController.h */,
				CD1AEAAA174EF51600F3AC0F /* ThirdViewController.m */,
				CD1AEA9E174EF24600F3AC0F /* SecondViewController.h */,
				CD1AEA9F174EF24600F3AC0F /* SecondViewController.m */,
				CD1AEA96174EF0C500F3AC0F /* FirstViewController.h */,
				CD1AEA97174EF0C500F3AC0F /* FirstViewController.m */,
				CD1AEA82174EF0C500F3AC0F /* Supporting Files */,
			);
			path = MultiViewStoryTabBar;
			sourceTree = "<group>";
		};
		CD1AEA82174EF0C500F3AC0F /* Supporting Files */ = {
			isa = PBXGroup;
			children = (
				CD1AEA83174EF0C500F3AC0F /* MultiViewStoryTabBar-Info.plist */,
				CD1AEA84174EF0C500F3AC0F /* InfoPlist.strings */,
				CD1AEA87174EF0C500F3AC0F /* main.m */,
				CD1AEA89174EF0C500F3AC0F /* MultiViewStoryTabBar-Prefix.pch */,
				CD1AEA8D174EF0C500F3AC0F /* Default.png */,
				CD1AEA8F174EF0C500F3AC0F /* Default@2x.png */,
				CD1AEA91174EF0C500F3AC0F /* Default-568h@2x.png */,
			);
			name = "Supporting Files";
			sourceTree = "<group>";
		};
/* End PBXGroup section */

/* Begin PBXNativeTarget section */
		CD1AEA77174EF0C500F3AC0F /* MultiViewStoryTabBar */ = {
			isa = PBXNativeTarget;
			buildConfigurationList = CD1AEA9B174EF0C500F3AC0F /* Build configuration list for PBXNativeTarget "MultiViewStoryTabBar" */;
			buildPhases = (
				CD1AEA74174EF0C500F3AC0F /* Sources */,
				CD1AEA75174EF0C500F3AC0F /* Frameworks */,
				CD1AEA76174EF0C500F3AC0F /* Resources */,
			);
			buildRules = (
			);
			dependencies = (
			);
			name = MultiViewStoryTabBar;
			productName = MultiViewStoryTabBar;
			productReference = CD1AEA78174EF0C500F3AC0F /* MultiViewStoryTabBar.app */;
			productType = "com.apple.product-type.application";
		};
/* End PBXNativeTarget section */

/* Begin PBXProject section */
		CD1AEA70174EF0C500F3AC0F /* Project object */ = {
			isa = PBXProject;
			attributes = {
				LastUpgradeCheck = 0460;
				ORGANIZATIONNAME = "mo khan";
			};
			buildConfigurationList = CD1AEA73174EF0C500F3AC0F /* Build configuration list for PBXProject "MultiViewStoryTabBar" */;
			compatibilityVersion = "Xcode 3.2";
			developmentRegion = English;
			hasScannedForEncodings = 0;
			knownRegions = (
				en,
			);
			mainGroup = CD1AEA6F174EF0C500F3AC0F;
			productRefGroup = CD1AEA79174EF0C500F3AC0F /* Products */;
			projectDirPath = "";
			projectRoot = "";
			targets = (
				CD1AEA77174EF0C500F3AC0F /* MultiViewStoryTabBar */,
			);
		};
/* End PBXProject section */

/* Begin PBXResourcesBuildPhase section */
		CD1AEA76174EF0C500F3AC0F /* Resources */ = {
			isa = PBXResourcesBuildPhase;
			buildActionMask = 2147483647;
			files = (
				CD1AEA86174EF0C500F3AC0F /* InfoPlist.strings in Resources */,
				CD1AEA8E174EF0C500F3AC0F /* Default.png in Resources */,
				CD1AEA90174EF0C500F3AC0F /* Default@2x.png in Resources */,
				CD1AEA92174EF0C500F3AC0F /* Default-568h@2x.png in Resources */,
				CD1AEA95174EF0C500F3AC0F /* MainStoryboard.storyboard in Resources */,
				CD1AEAA5174EF44400F3AC0F /* first.png in Resources */,
				CD1AEAA6174EF44400F3AC0F /* first@2x.png in Resources */,
				CD1AEAA7174EF44400F3AC0F /* second.png in Resources */,
				CD1AEAA8174EF44400F3AC0F /* second@2x.png in Resources */,
			);
			runOnlyForDeploymentPostprocessing = 0;
		};
/* End PBXResourcesBuildPhase section */

/* Begin PBXSourcesBuildPhase section */
		CD1AEA74174EF0C500F3AC0F /* Sources */ = {
			isa = PBXSourcesBuildPhase;
			buildActionMask = 2147483647;
			files = (
				CD1AEA88174EF0C500F3AC0F /* main.m in Sources */,
				CD1AEA8C174EF0C500F3AC0F /* AppDelegate.m in Sources */,
				CD1AEA98174EF0C500F3AC0F /* FirstViewController.m in Sources */,
				CD1AEAA0174EF24600F3AC0F /* SecondViewController.m in Sources */,
				CD1AEAAB174EF51600F3AC0F /* ThirdViewController.m in Sources */,
				CD1AEAAE174EF85800F3AC0F /* FourthViewController.m in Sources */,
			);
			runOnlyForDeploymentPostprocessing = 0;
		};
/* End PBXSourcesBuildPhase section */

/* Begin PBXVariantGroup section */
		CD1AEA84174EF0C500F3AC0F /* InfoPlist.strings */ = {
			isa = PBXVariantGroup;
			children = (
				CD1AEA85174EF0C500F3AC0F /* en */,
			);
			name = InfoPlist.strings;
			sourceTree = "<group>";
		};
		CD1AEA93174EF0C500F3AC0F /* MainStoryboard.storyboard */ = {
			isa = PBXVariantGroup;
			children = (
				CD1AEA94174EF0C500F3AC0F /* en */,
			);
			name = MainStoryboard.storyboard;
			sourceTree = "<group>";
		};
/* End PBXVariantGroup section */

/* Begin XCBuildConfiguration section */
		CD1AEA99174EF0C500F3AC0F /* Debug */ = {
			isa = XCBuildConfiguration;
			buildSettings = {
				ALWAYS_SEARCH_USER_PATHS = NO;
				CLANG_CXX_LANGUAGE_STANDARD = "gnu++0x";
				CLANG_CXX_LIBRARY = "libc++";
				CLANG_ENABLE_OBJC_ARC = YES;
				CLANG_WARN_CONSTANT_CONVERSION = YES;
				CLANG_WARN_EMPTY_BODY = YES;
				CLANG_WARN_ENUM_CONVERSION = YES;
				CLANG_WARN_INT_CONVERSION = YES;
				CLANG_WARN__DUPLICATE_METHOD_MATCH = YES;
				"CODE_SIGN_IDENTITY[sdk=iphoneos*]" = "iPhone Developer";
				COPY_PHASE_STRIP = NO;
				GCC_C_LANGUAGE_STANDARD = gnu99;
				GCC_DYNAMIC_NO_PIC = NO;
				GCC_OPTIMIZATION_LEVEL = 0;
				GCC_PREPROCESSOR_DEFINITIONS = (
					"DEBUG=1",
					"$(inherited)",
				);
				GCC_SYMBOLS_PRIVATE_EXTERN = NO;
				GCC_WARN_ABOUT_RETURN_TYPE = YES;
				GCC_WARN_UNINITIALIZED_AUTOS = YES;
				GCC_WARN_UNUSED_VARIABLE = YES;
				IPHONEOS_DEPLOYMENT_TARGET = 6.1;
				ONLY_ACTIVE_ARCH = YES;
				SDKROOT = iphoneos;
			};
			name = Debug;
		};
		CD1AEA9A174EF0C500F3AC0F /* Release */ = {
			isa = XCBuildConfiguration;
			buildSettings = {
				ALWAYS_SEARCH_USER_PATHS = NO;
				CLANG_CXX_LANGUAGE_STANDARD = "gnu++0x";
				CLANG_CXX_LIBRARY = "libc++";
				CLANG_ENABLE_OBJC_ARC = YES;
				CLANG_WARN_CONSTANT_CONVERSION = YES;
				CLANG_WARN_EMPTY_BODY = YES;
				CLANG_WARN_ENUM_CONVERSION = YES;
				CLANG_WARN_INT_CONVERSION = YES;
				CLANG_WARN__DUPLICATE_METHOD_MATCH = YES;
				"CODE_SIGN_IDENTITY[sdk=iphoneos*]" = "iPhone Developer";
				COPY_PHASE_STRIP = YES;
				GCC_C_LANGUAGE_STANDARD = gnu99;
				GCC_WARN_ABOUT_RETURN_TYPE = YES;
				GCC_WARN_UNINITIALIZED_AUTOS = YES;
				GCC_WARN_UNUSED_VARIABLE = YES;
				IPHONEOS_DEPLOYMENT_TARGET = 6.1;
				OTHER_CFLAGS = "-DNS_BLOCK_ASSERTIONS=1";
				SDKROOT = iphoneos;
				VALIDATE_PRODUCT = YES;
			};
			name = Release;
		};
		CD1AEA9C174EF0C500F3AC0F /* Debug */ = {
			isa = XCBuildConfiguration;
			buildSettings = {
				GCC_PRECOMPILE_PREFIX_HEADER = YES;
				GCC_PREFIX_HEADER = "MultiViewStoryTabBar/MultiViewStoryTabBar-Prefix.pch";
				INFOPLIST_FILE = "MultiViewStoryTabBar/MultiViewStoryTabBar-Info.plist";
				PRODUCT_NAME = "$(TARGET_NAME)";
				WRAPPER_EXTENSION = app;
			};
			name = Debug;
		};
		CD1AEA9D174EF0C500F3AC0F /* Release */ = {
			isa = XCBuildConfiguration;
			buildSettings = {
				GCC_PRECOMPILE_PREFIX_HEADER = YES;
				GCC_PREFIX_HEADER = "MultiViewStoryTabBar/MultiViewStoryTabBar-Prefix.pch";
				INFOPLIST_FILE = "MultiViewStoryTabBar/MultiViewStoryTabBar-Info.plist";
				PRODUCT_NAME = "$(TARGET_NAME)";
				WRAPPER_EXTENSION = app;
			};
			name = Release;
		};
/* End XCBuildConfiguration section */

/* Begin XCConfigurationList section */
		CD1AEA73174EF0C500F3AC0F /* Build configuration list for PBXProject "MultiViewStoryTabBar" */ = {
			isa = XCConfigurationList;
			buildConfigurations = (
				CD1AEA99174EF0C500F3AC0F /* Debug */,
				CD1AEA9A174EF0C500F3AC0F /* Release */,
			);
			defaultConfigurationIsVisible = 0;
			defaultConfigurationName = Release;
		};
		CD1AEA9B174EF0C500F3AC0F /* Build configuration list for PBXNativeTarget "MultiViewStoryTabBar" */ = {
			isa = XCConfigurationList;
			buildConfigurations = (
				CD1AEA9C174EF0C500F3AC0F /* Debug */,
				CD1AEA9D174EF0C500F3AC0F /* Release */,
			);
			defaultConfigurationIsVisible = 0;
		};
/* End XCConfigurationList section */
	};
	rootObject = CD1AEA70174EF0C500F3AC0F /* Project object */;
}
